{
	"name": "canterbury",
	"version": "1.0.0",
	"lockfileVersion": 3,
	"requires": true,
	"packages": {
		"": {
			"name": "canterbury",
			"version": "1.0.0",
			"devDependencies": {
				"@bufbuild/buf": "^1.68.4",
				"prettier": "^3.6.2"
			}
		},
		"node_modules/@bufbuild/buf": {
			"version": "1.68.4",
			"resolved": "https://registry.npmjs.org/@bufbuild/buf/-/buf-1.68.4.tgz",
			"integrity": "sha512-r+QG3mlQ1h4agDwYxnPz1AdVLubgt09sRLnnlLMj0MVUOWjdV92i/20ZmSxn6+thouGlpr2A+VKPgy8NShchrA==",
			"dev": true,
			"hasInstallScript": true,
			"license": "Apache-2.0",
			"bin": {
				"buf": "bin/buf",
				"protoc-gen-buf-breaking": "bin/protoc-gen-buf-breaking",
				"protoc-gen-buf-lint": "bin/protoc-gen-buf-lint"
			},
			"engines": {
				"node": ">=12"
			},
			"optionalDependencies": {
				"@bufbuild/buf-darwin-arm64": "1.68.4",
				"@bufbuild/buf-darwin-x64": "1.68.4",
				"@bufbuild/buf-linux-aarch64": "1.68.4",
				"@bufbuild/buf-linux-armv7": "1.68.4",
				"@bufbuild/buf-linux-x64": "1.68.4",
				"@bufbuild/buf-win32-arm64": "1.68.4",
				"@bufbuild/buf-win32-x64": "1.68.4"
			}
		},
		"node_modules/@bufbuild/buf-darwin-arm64": {
			"version": "1.68.4",
			"resolved": "https://registry.npmjs.org/@bufbuild/buf-darwin-arm64/-/buf-darwin-arm64-1.68.4.tgz",
			"integrity": "sha512-57VDmK/U8ysWLsydDy/UzQ4gxS8LZyBiAnq1WWk33aUCkHr1poDgAqdOSzjIlBqoe/Mx/+pbVk2/OuaiY8T6aQ==",
			"cpu": [
				"arm64"
			],
			"dev": true,
			"license": "Apache-2.0",
			"optional": true,
			"os": [
				"darwin"
			],
			"engines": {
				"node": ">=12"
			}
		},
		"node_modules/@bufbuild/buf-darwin-x64": {
			"version": "1.68.4",
			"resolved": "https://registry.npmjs.org/@bufbuild/buf-darwin-x64/-/buf-darwin-x64-1.68.4.tgz",
			"integrity": "sha512-B552Ke9CMDOIyCZGXqSeEej2+13B1PlesZj3j9DCQml86vVEJLVNw9JIUBRE47S31h0qx/Qzptm1N898gaaXTw==",
			"cpu": [
				"x64"
			],
			"dev": true,
			"license": "Apache-2.0",
			"optional": true,
			"os": [
				"darwin"
			],
			"engines": {
				"node": ">=12"
			}
		},
		"node_modules/@bufbuild/buf-linux-aarch64": {
			"version": "1.68.4",
			"resolved": "https://registry.npmjs.org/@bufbuild/buf-linux-aarch64/-/buf-linux-aarch64-1.68.4.tgz",
			"integrity": "sha512-bbe/EQ6vr5ytdoE/llICbp2jPzMDPnT0F0RwlE2rm1sU6crYNJQPOg+QG/NVabL8XimLooRZ1WgPEeZFyAW/hw==",
			"cpu": [
				"arm64"
			],
			"dev": true,
			"license": "Apache-2.0",
			"optional": true,
			"os": [
				"linux"
			],
			"engines": {
				"node": ">=12"
			}
		},
		"node_modules/@bufbuild/buf-linux-armv7": {
			"version": "1.68.4",
			"resolved": "https://registry.npmjs.org/@bufbuild/buf-linux-armv7/-/buf-linux-armv7-1.68.4.tgz",
			"integrity": "sha512-Q1SHNEYYiEpz/IwIfBrdVvgd8VCQlPue6J6IzMWNPCjwhhZViQNAMXIo4Huvz0Xhrwe3shYbdEx6uj/tu49dug==",
			"cpu": [
				"arm"
			],
			"dev": true,
			"license": "Apache-2.0",
			"optional": true,
			"os": [
				"linux"
			],
			"engines": {
				"node": ">=12"
			}
		},
		"node_modules/@bufbuild/buf-linux-x64": {
			"version": "1.68.4",
			"resolved": "https://registry.npmjs.org/@bufbuild/buf-linux-x64/-/buf-linux-x64-1.68.4.tgz",
			"integrity": "sha512-Bo8OaMc76+s23xDZ96LhHunBJYdwTyDOdLOvjiebMQ6MTkcPU/B+ecIwJtRj1FGh9NWWRpT/YaroTpOPVNXG/Q==",
			"cpu": [
				"x64"
			],
			"dev": true,
			"license": "Apache-2.0",
			"optional": true,
			"os": [
				"linux"
			],
			"engines": {
				"node": ">=12"
			}
		},
		"node_modules/@bufbuild/buf-win32-arm64": {
			"version": "1.68.4",
			"resolved": "https://registry.npmjs.org/@bufbuild/buf-win32-arm64/-/buf-win32-arm64-1.68.4.tgz",
			"integrity": "sha512-knbrAF8maJ+7GbsZ9Wp7GuZ72SEiBv/1/0vgZSgdzPn2VytciTM7HRGlsglk9sPTX18WlKZeOY/+pkJpC/RGRQ==",
			"cpu": [
				"arm64"
			],
			"dev": true,
			"license": "Apache-2.0",
			"optional": true,
			"os": [
				"win32"
			],
			"engines": {
				"node": ">=12"
			}
		},
		"node_modules/@bufbuild/buf-win32-x64": {
			"version": "1.68.4",
			"resolved": "https://registry.npmjs.org/@bufbuild/buf-win32-x64/-/buf-win32-x64-1.68.4.tgz",
			"integrity": "sha512-JnUSCPNtmdSWaj9mA7ioLC2y8kpvX91FEYwxk3VrNukWtctiMTbhbS9CwbUdZuHjJSvWDLdKIS75Iyj16ufplg==",
			"cpu": [
				"x64"
			],
			"dev": true,
			"license": "Apache-2.0",
			"optional": true,
			"os": [
				"win32"
			],
			"engines": {
				"node": ">=12"
			}
		},
		"node_modules/prettier": {
			"version": "3.8.3",
			"resolved": "https://registry.npmjs.org/prettier/-/prettier-3.8.3.tgz",
			"integrity": "sha512-7igPTM53cGHMW8xWuVTydi2KO233VFiTNyF5hLJqpilHfmn8C8gPf+PS7dUT64YcXFbiMGZxS9pCSxL/Dxm/Jw==",
			"dev": true,
			"license": "MIT",
			"bin": {
				"prettier": "bin/prettier.cjs"
			},
			"engines": {
				"node": ">=14"
			},
			"funding": {
				"url": "https://github.com/prettier/prettier?sponsor=1"
			}
		}
	}
}
